// !$*UTF8*$!
{
	archiveVersion = 1;
	classes = {
	};
	objectVersion = 50;
	objects = {

/* Begin PBXBuildFile section */
		1F6F6D6924FFF3DB00E07DED /* AppDelegate.swift in Sources */ = {isa = PBXBuildFile; fileRef = 1F6F6D6824FFF3DB00E07DED /* AppDelegate.swift */; };
		1F6F6D6B24FFF3DB00E07DED /* SceneDelegate.swift in Sources */ = {isa = PBXBuildFile; fileRef = 1F6F6D6A24FFF3DB00E07DED /* SceneDelegate.swift */; };
		1F6F6D7024FFF3DB00E07DED /* Main.storyboard in Resources */ = {isa = PBXBuildFile; fileRef = 1F6F6D6E24FFF3DB00E07DED /* Main.storyboard */; };
		1F6F6D7224FFF3DF00E07DED /* Assets.xcassets in Resources */ = {isa = PBXBuildFile; fileRef = 1F6F6D7124FFF3DF00E07DED /* Assets.xcassets */; };
		1F6F6D7524FFF3DF00E07DED /* LaunchScreen.storyboard in Resources */ = {isa = PBXBuildFile; fileRef = 1F6F6D7324FFF3DF00E07DED /* LaunchScreen.storyboard */; };
		1F6F6D7D24FFF6E100E07DED /* TrackListTableViewController.swift in Sources */ = {isa = PBXBuildFile; fileRef = 1F6F6D7C24FFF6E100E07DED /* TrackListTableViewController.swift */; };
		1F6F6D7F24FFF72A00E07DED /* DetailViewController.swift in Sources */ = {isa = PBXBuildFile; fileRef = 1F6F6D7E24FFF72A00E07DED /* DetailViewController.swift */; };
		1F6F6D852500018E00E07DED /* Song.swift in Sources */ = {isa = PBXBuildFile; fileRef = 1F6F6D842500018E00E07DED /* Song.swift */; };
		1F6F6D882500025400E07DED /* DataManager.swift in Sources */ = {isa = PBXBuildFile; fileRef = 1F6F6D872500025400E07DED /* DataManager.swift */; };
/* End PBXBuildFile section */

/* Begin PBXFileReference section */
		1F6F6D6524FFF3DB00E07DED /* TrackList.app */ = {isa = PBXFileReference; explicitFileType = wrapper.application; includeInIndex = 0; path = TrackList.app; sourceTree = BUILT_PRODUCTS_DIR; };
		1F6F6D6824FFF3DB00E07DED /* AppDelegate.swift */ = {isa = PBXFileReference; lastKnownFileType = sourcecode.swift; path = AppDelegate.swift; sourceTree = "<group>"; };
		1F6F6D6A24FFF3DB00E07DED /* SceneDelegate.swift */ = {isa = PBXFileReference; lastKnownFileType = sourcecode.swift; path = SceneDelegate.swift; sourceTree = "<group>"; };
		1F6F6D6F24FFF3DB00E07DED /* Base */ = {isa = PBXFileReference; lastKnownFileType = file.storyboard; name = Base; path = Base.lproj/Main.storyboard; sourceTree = "<group>"; };
		1F6F6D7124FFF3DF00E07DED /* Assets.xcassets */ = {isa = PBXFileReference; lastKnownFileType = folder.assetcatalog; path = Assets.xcassets; sourceTree = "<group>"; };
		1F6F6D7424FFF3DF00E07DED /* Base */ = {isa = PBXFileReference; lastKnownFileType = file.storyboard; name = Base; path = Base.lproj/LaunchScreen.storyboard; sourceTree = "<group>"; };
		1F6F6D7624FFF3DF00E07DED /* Info.plist */ = {isa = PBXFileReference; lastKnownFileType = text.plist.xml; path = Info.plist; sourceTree = "<group>"; };
		1F6F6D7C24FFF6E100E07DED /* TrackListTableViewController.swift */ = {isa = PBXFileReference; lastKnownFileType = sourcecode.swift; path = TrackListTableViewController.swift; sourceTree = "<group>"; };
		1F6F6D7E24FFF72A00E07DED /* DetailViewController.swift */ = {isa = PBXFileReference; lastKnownFileType = sourcecode.swift; path = DetailViewController.swift; sourceTree = "<group>"; };
		1F6F6D842500018E00E07DED /* Song.swift */ = {isa = PBXFileReference; lastKnownFileType = sourcecode.swift; path = Song.swift; sourceTree = "<group>"; };
		1F6F6D872500025400E07DED /* DataManager.swift */ = {isa = PBXFileReference; lastKnownFileType = sourcecode.swift; path = DataManager.swift; sourceTree = "<group>"; };
/* End PBXFileReference section */

/* Begin PBXFrameworksBuildPhase section */
		1F6F6D6224FFF3DB00E07DED /* Frameworks */ = {
			isa = PBXFrameworksBuildPhase;
			buildActionMask = 2147483647;
			files = (
			);
			runOnlyForDeploymentPostprocessing = 0;
		};
/* End PBXFrameworksBuildPhase section */

/* Begin PBXGroup section */
		1F6F6D5C24FFF3DB00E07DED = {
			isa = PBXGroup;
			children = (
				1F6F6D6724FFF3DB00E07DED /* TrackList */,
				1F6F6D6624FFF3DB00E07DED /* Products */,
			);
			sourceTree = "<group>";
		};
		1F6F6D6624FFF3DB00E07DED /* Products */ = {
			isa = PBXGroup;
			children = (
				1F6F6D6524FFF3DB00E07DED /* TrackList.app */,
			);
			name = Products;
			sourceTree = "<group>";
		};
		1F6F6D6724FFF3DB00E07DED /* TrackList */ = {
			isa = PBXGroup;
			children = (
				1F6F6D802500010100E07DED /* Delegate */,
				1F6F6D862500022A00E07DED /* DataManager */,
				1F6F6D832500014400E07DED /* Model */,
				1F6F6D812500012300E07DED /* View */,
				1F6F6D822500013100E07DED /* Controllers */,
				1F6F6D7124FFF3DF00E07DED /* Assets.xcassets */,
				1F6F6D7324FFF3DF00E07DED /* LaunchScreen.storyboard */,
				1F6F6D7624FFF3DF00E07DED /* Info.plist */,
			);
			path = TrackList;
			sourceTree = "<group>";
		};
		1F6F6D802500010100E07DED /* Delegate */ = {
			isa = PBXGroup;
			children = (
				1F6F6D6824FFF3DB00E07DED /* AppDelegate.swift */,
				1F6F6D6A24FFF3DB00E07DED /* SceneDelegate.swift */,
			);
			path = Delegate;
			sourceTree = "<group>";
		};
		1F6F6D812500012300E07DED /* View */ = {
			isa = PBXGroup;
			children = (
				1F6F6D6E24FFF3DB00E07DED /* Main.storyboard */,
			);
			path = View;
			sourceTree = "<group>";
		};
		1F6F6D822500013100E07DED /* Controllers */ = {
			isa = PBXGroup;
			children = (
				1F6F6D7C24FFF6E100E07DED /* TrackListTableViewController.swift */,
				1F6F6D7E24FFF72A00E07DED /* DetailViewController.swift */,
			);
			path = Controllers;
			sourceTree = "<group>";
		};
		1F6F6D832500014400E07DED /* Model */ = {
			isa = PBXGroup;
			children = (
				1F6F6D842500018E00E07DED /* Song.swift */,
			);
			path = Model;
			sourceTree = "<group>";
		};
		1F6F6D862500022A00E07DED /* DataManager */ = {
			isa = PBXGroup;
			children = (
				1F6F6D872500025400E07DED /* DataManager.swift */,
			);
			path = DataManager;
			sourceTree = "<group>";
		};
/* End PBXGroup section */

/* Begin PBXNativeTarget section */
		1F6F6D6424FFF3DB00E07DED /* TrackList */ = {
			isa = PBXNativeTarget;
			buildConfigurationList = 1F6F6D7924FFF3DF00E07DED /* Build configuration list for PBXNativeTarget "TrackList" */;
			buildPhases = (
				1F6F6D6124FFF3DB00E07DED /* Sources */,
				1F6F6D6224FFF3DB00E07DED /* Frameworks */,
				1F6F6D6324FFF3DB00E07DED /* Resources */,
			);
			buildRules = (
			);
			dependencies = (
			);
			name = TrackList;
			productName = TrackList;
			productReference = 1F6F6D6524FFF3DB00E07DED /* TrackList.app */;
			productType = "com.apple.product-type.application";
		};
/* End PBXNativeTarget section */

/* Begin PBXProject section */
		1F6F6D5D24FFF3DB00E07DED /* Project object */ = {
			isa = PBXProject;
			attributes = {
				LastSwiftUpdateCheck = 1160;
				LastUpgradeCheck = 1160;
				ORGANIZATIONNAME = sindija.dzintare;
				TargetAttributes = {
					1F6F6D6424FFF3DB00E07DED = {
						CreatedOnToolsVersion = 11.6;
					};
				};
			};
			buildConfigurationList = 1F6F6D6024FFF3DB00E07DED /* Build configuration list for PBXProject "TrackList" */;
			compatibilityVersion = "Xcode 9.3";
			developmentRegion = en;
			hasScannedForEncodings = 0;
			knownRegions = (
				en,
				Base,
			);
			mainGroup = 1F6F6D5C24FFF3DB00E07DED;
			productRefGroup = 1F6F6D6624FFF3DB00E07DED /* Products */;
			projectDirPath = "";
			projectRoot = "";
			targets = (
				1F6F6D6424FFF3DB00E07DED /* TrackList */,
			);
		};
/* End PBXProject section */

/* Begin PBXResourcesBuildPhase section */
		1F6F6D6324FFF3DB00E07DED /* Resources */ = {
			isa = PBXResourcesBuildPhase;
			buildActionMask = 2147483647;
			files = (
				1F6F6D7524FFF3DF00E07DED /* LaunchScreen.storyboard in Resources */,
				1F6F6D7224FFF3DF00E07DED /* Assets.xcassets in Resources */,
				1F6F6D7024FFF3DB00E07DED /* Main.storyboard in Resources */,
			);
			runOnlyForDeploymentPostprocessing = 0;
		};
/* End PBXResourcesBuildPhase section */

/* Begin PBXSourcesBuildPhase section */
		1F6F6D6124FFF3DB00E07DED /* Sources */ = {
			isa = PBXSourcesBuildPhase;
			buildActionMask = 2147483647;
			files = (
				1F6F6D6924FFF3DB00E07DED /* AppDelegate.swift in Sources */,
				1F6F6D882500025400E07DED /* DataManager.swift in Sources */,
				1F6F6D6B24FFF3DB00E07DED /* SceneDelegate.swift in Sources */,
				1F6F6D7D24FFF6E100E07DED /* TrackListTableViewController.swift in Sources */,
				1F6F6D7F24FFF72A00E07DED /* DetailViewController.swift in Sources */,
				1F6F6D852500018E00E07DED /* Song.swift in Sources */,
			);
			runOnlyForDeploymentPostprocessing = 0;
		};
/* End PBXSourcesBuildPhase section */

/* Begin PBXVariantGroup section */
		1F6F6D6E24FFF3DB00E07DED /* Main.storyboard */ = {
			isa = PBXVariantGroup;
			children = (
				1F6F6D6F24FFF3DB00E07DED /* Base */,
			);
			name = Main.storyboard;
			sourceTree = "<group>";
		};
		1F6F6D7324FFF3DF00E07DED /* LaunchScreen.storyboard */ = {
			isa = PBXVariantGroup;
			children = (
				1F6F6D7424FFF3DF00E07DED /* Base */,
			);
			name = LaunchScreen.storyboard;
			sourceTree = "<group>";
		};
/* End PBXVariantGroup section */

/* Begin XCBuildConfiguration section */
		1F6F6D7724FFF3DF00E07DED /* Debug */ = {
			isa = XCBuildConfiguration;
			buildSettings = {
				ALWAYS_SEARCH_USER_PATHS = NO;
				CLANG_ANALYZER_NONNULL = YES;
				CLANG_ANALYZER_NUMBER_OBJECT_CONVERSION = YES_AGGRESSIVE;
				CLANG_CXX_LANGUAGE_STANDARD = "gnu++14";
				CLANG_CXX_LIBRARY = "libc++";
				CLANG_ENABLE_MODULES = YES;
				CLANG_ENABLE_OBJC_ARC = YES;
				CLANG_ENABLE_OBJC_WEAK = YES;
				CLANG_WARN_BLOCK_CAPTURE_AUTORELEASING = YES;
				CLANG_WARN_BOOL_CONVERSION = YES;
				CLANG_WARN_COMMA = YES;
				CLANG_WARN_CONSTANT_CONVERSION = YES;
				CLANG_WARN_DEPRECATED_OBJC_IMPLEMENTATIONS = YES;
				CLANG_WARN_DIRECT_OBJC_ISA_USAGE = YES_ERROR;
				CLANG_WARN_DOCUMENTATION_COMMENTS = YES;
				CLANG_WARN_EMPTY_BODY = YES;
				CLANG_WARN_ENUM_CONVERSION = YES;
				CLANG_WARN_INFINITE_RECURSION = YES;
				CLANG_WARN_INT_CONVERSION = YES;
				CLANG_WARN_NON_LITERAL_NULL_CONVERSION = YES;
				CLANG_WARN_OBJC_IMPLICIT_RETAIN_SELF = YES;
				CLANG_WARN_OBJC_LITERAL_CONVERSION = YES;
				CLANG_WARN_OBJC_ROOT_CLASS = YES_ERROR;
				CLANG_WARN_RANGE_LOOP_ANALYSIS = YES;
				CLANG_WARN_STRICT_PROTOTYPES = YES;
				CLANG_WARN_SUSPICIOUS_MOVE = YES;
				CLANG_WARN_UNGUARDED_AVAILABILITY = YES_AGGRESSIVE;
				CLANG_WARN_UNREACHABLE_CODE = YES;
				CLANG_WARN__DUPLICATE_METHOD_MATCH = YES;
				COPY_PHASE_STRIP = NO;
				DEBUG_INFORMATION_FORMAT = dwarf;
				ENABLE_STRICT_OBJC_MSGSEND = YES;
				ENABLE_TESTABILITY = YES;
				GCC_C_LANGUAGE_STANDARD = gnu11;
				GCC_DYNAMIC_NO_PIC = NO;
				GCC_NO_COMMON_BLOCKS = YES;
				GCC_OPTIMIZATION_LEVEL = 0;
				GCC_PREPROCESSOR_DEFINITIONS = (
					"DEBUG=1",
					"$(inherited)",
				);
				GCC_WARN_64_TO_32_BIT_CONVERSION = YES;
				GCC_WARN_ABOUT_RETURN_TYPE = YES_ERROR;
				GCC_WARN_UNDECLARED_SELECTOR = YES;
				GCC_WARN_UNINITIALIZED_AUTOS = YES_AGGRESSIVE;
				GCC_WARN_UNUSED_FUNCTION = YES;
				GCC_WARN_UNUSED_VARIABLE = YES;
				IPHONEOS_DEPLOYMENT_TARGET = 13.6;
				MTL_ENABLE_DEBUG_INFO = INCLUDE_SOURCE;
				MTL_FAST_MATH = YES;
				ONLY_ACTIVE_ARCH = YES;
				SDKROOT = iphoneos;
				SWIFT_ACTIVE_COMPILATION_CONDITIONS = DEBUG;
				SWIFT_OPTIMIZATION_LEVEL = "-Onone";
			};
			name = Debug;
		};
		1F6F6D7824FFF3DF00E07DED /* Release */ = {
			isa = XCBuildConfiguration;
			buildSettings = {
				ALWAYS_SEARCH_USER_PATHS = NO;
				CLANG_ANALYZER_NONNULL = YES;
				CLANG_ANALYZER_NUMBER_OBJECT_CONVERSION = YES_AGGRESSIVE;
				CLANG_CXX_LANGUAGE_STANDARD = "gnu++14";
				CLANG_CXX_LIBRARY = "libc++";
				CLANG_ENABLE_MODULES = YES;
				CLANG_ENABLE_OBJC_ARC = YES;
				CLANG_ENABLE_OBJC_WEAK = YES;
				CLANG_WARN_BLOCK_CAPTURE_AUTORELEASING = YES;
				CLANG_WARN_BOOL_CONVERSION = YES;
				CLANG_WARN_COMMA = YES;
				CLANG_WARN_CONSTANT_CONVERSION = YES;
				CLANG_WARN_DEPRECATED_OBJC_IMPLEMENTATIONS = YES;
				CLANG_WARN_DIRECT_OBJC_ISA_USAGE = YES_ERROR;
				CLANG_WARN_DOCUMENTATION_COMMENTS = YES;
				CLANG_WARN_EMPTY_BODY = YES;
				CLANG_WARN_ENUM_CONVERSION = YES;
				CLANG_WARN_INFINITE_RECURSION = YES;
				CLANG_WARN_INT_CONVERSION = YES;
				CLANG_WARN_NON_LITERAL_NULL_CONVERSION = YES;
				CLANG_WARN_OBJC_IMPLICIT_RETAIN_SELF = YES;
				CLANG_WARN_OBJC_LITERAL_CONVERSION = YES;
				CLANG_WARN_OBJC_ROOT_CLASS = YES_ERROR;
				CLANG_WARN_RANGE_LOOP_ANALYSIS = YES;
				CLANG_WARN_STRICT_PROTOTYPES = YES;
				CLANG_WARN_SUSPICIOUS_MOVE = YES;
				CLANG_WARN_UNGUARDED_AVAILABILITY = YES_AGGRESSIVE;
				CLANG_WARN_UNREACHABLE_CODE = YES;
				CLANG_WARN__DUPLICATE_METHOD_MATCH = YES;
				COPY_PHASE_STRIP = NO;
				DEBUG_INFORMATION_FORMAT = "dwarf-with-dsym";
				ENABLE_NS_ASSERTIONS = NO;
				ENABLE_STRICT_OBJC_MSGSEND = YES;
				GCC_C_LANGUAGE_STANDARD = gnu11;
				GCC_NO_COMMON_BLOCKS = YES;
				GCC_WARN_64_TO_32_BIT_CONVERSION = YES;
				GCC_WARN_ABOUT_RETURN_TYPE = YES_ERROR;
				GCC_WARN_UNDECLARED_SELECTOR = YES;
				GCC_WARN_UNINITIALIZED_AUTOS = YES_AGGRESSIVE;
				GCC_WARN_UNUSED_FUNCTION = YES;
				GCC_WARN_UNUSED_VARIABLE = YES;
				IPHONEOS_DEPLOYMENT_TARGET = 13.6;
				MTL_ENABLE_DEBUG_INFO = NO;
				MTL_FAST_MATH = YES;
				SDKROOT = iphoneos;
				SWIFT_COMPILATION_MODE = wholemodule;
				SWIFT_OPTIMIZATION_LEVEL = "-O";
				VALIDATE_PRODUCT = YES;
			};
			name = Release;
		};
		1F6F6D7A24FFF3DF00E07DED /* Debug */ = {
			isa = XCBuildConfiguration;
			buildSettings = {
				ASSETCATALOG_COMPILER_APPICON_NAME = AppIcon;
				CODE_SIGN_STYLE = Automatic;
				DEVELOPMENT_TEAM = V5AQVD3P26;
				INFOPLIST_FILE = TrackList/Info.plist;
				LD_RUNPATH_SEARCH_PATHS = (
					"$(inherited)",
					"@executable_path/Frameworks",
				);
				PRODUCT_BUNDLE_IDENTIFIER = lv.sidzapp.TrackList;
				PRODUCT_NAME = "$(TARGET_NAME)";
				SWIFT_VERSION = 5.0;
				TARGETED_DEVICE_FAMILY = "1,2";
			};
			name = Debug;
		};
		1F6F6D7B24FFF3DF00E07DED /* Release */ = {
			isa = XCBuildConfiguration;
			buildSettings = {
				ASSETCATALOG_COMPILER_APPICON_NAME = AppIcon;
				CODE_SIGN_STYLE = Automatic;
				DEVELOPMENT_TEAM = V5AQVD3P26;
				INFOPLIST_FILE = TrackList/Info.plist;
				LD_RUNPATH_SEARCH_PATHS = (
					"$(inherited)",
					"@executable_path/Frameworks",
				);
				PRODUCT_BUNDLE_IDENTIFIER = lv.sidzapp.TrackList;
				PRODUCT_NAME = "$(TARGET_NAME)";
				SWIFT_VERSION = 5.0;
				TARGETED_DEVICE_FAMILY = "1,2";
			};
			name = Release;
		};
/* End XCBuildConfiguration section */

/* Begin XCConfigurationList section */
		1F6F6D6024FFF3DB00E07DED /* Build configuration list for PBXProject "TrackList" */ = {
			isa = XCConfigurationList;
			buildConfigurations = (
				1F6F6D7724FFF3DF00E07DED /* Debug */,
				1F6F6D7824FFF3DF00E07DED /* Release */,
			);
			defaultConfigurationIsVisible = 0;
			defaultConfigurationName = Release;
		};
		1F6F6D7924FFF3DF00E07DED /* Build configuration list for PBXNativeTarget "TrackList" */ = {
			isa = XCConfigurationList;
			buildConfigurations = (
				1F6F6D7A24FFF3DF00E07DED /* Debug */,
				1F6F6D7B24FFF3DF00E07DED /* Release */,
			);
			defaultConfigurationIsVisible = 0;
			defaultConfigurationName = Release;
		};
/* End XCConfigurationList section */
	};
	rootObject = 1F6F6D5D24FFF3DB00E07DED /* Project object */;
}
